// !$*UTF8*$!
{
	archiveVersion = 1;
	classes = {
	};
	objectVersion = 46;
	objects = {

/* Begin PBXBuildFile section */
		0A7106F7198E28B800298904 /* LivePlayViewController.m in Sources */ = {isa = PBXBuildFile; fileRef = 0A7106F6198E28B800298904 /* LivePlayViewController.m */; };
		0AACE87F198E855E009D2365 /* plus-512.png in Resources */ = {isa = PBXBuildFile; fileRef = 0AACE87E198E855E009D2365 /* plus-512.png */; };
		37B10636971E45C6B868427E /* libPods-YTBrowser.a in Frameworks */ = {isa = PBXBuildFile; fileRef = 15A3290F70954718AF2E16FF /* libPods-YTBrowser.a */; };
		3817FA28198E66D600574182 /* background.png in Resources */ = {isa = PBXBuildFile; fileRef = 3817FA27198E66D600574182 /* background.png */; };
		3817FA2A198E678400574182 /* line.png in Resources */ = {isa = PBXBuildFile; fileRef = 3817FA29198E678400574182 /* line.png */; };
		3890A06E198D9F5900EC2597 /* JSONModel.m in Sources */ = {isa = PBXBuildFile; fileRef = 3890A022198D9F5900EC2597 /* JSONModel.m */; };
		3890A06F198D9F5900EC2597 /* JSONModelArray.m in Sources */ = {isa = PBXBuildFile; fileRef = 3890A024198D9F5900EC2597 /* JSONModelArray.m */; };
		3890A070198D9F5900EC2597 /* JSONModelClassProperty.m in Sources */ = {isa = PBXBuildFile; fileRef = 3890A026198D9F5900EC2597 /* JSONModelClassProperty.m */; };
		3890A071198D9F5900EC2597 /* JSONModelError.m in Sources */ = {isa = PBXBuildFile; fileRef = 3890A028198D9F5900EC2597 /* JSONModelError.m */; };
		3890A072198D9F5900EC2597 /* NSArray+JSONModel.m in Sources */ = {isa = PBXBuildFile; fileRef = 3890A02B198D9F5900EC2597 /* NSArray+JSONModel.m */; };
		3890A073198D9F5900EC2597 /* JSONAPI.m in Sources */ = {isa = PBXBuildFile; fileRef = 3890A02F198D9F5900EC2597 /* JSONAPI.m */; };
		3890A074198D9F5900EC2597 /* JSONHTTPClient.m in Sources */ = {isa = PBXBuildFile; fileRef = 3890A031198D9F5900EC2597 /* JSONHTTPClient.m */; };
		3890A075198D9F5900EC2597 /* JSONModel+networking.m in Sources */ = {isa = PBXBuildFile; fileRef = 3890A033198D9F5900EC2597 /* JSONModel+networking.m */; };
		3890A076198D9F5900EC2597 /* JSONKeyMapper.m in Sources */ = {isa = PBXBuildFile; fileRef = 3890A036198D9F5900EC2597 /* JSONKeyMapper.m */; };
		3890A077198D9F5900EC2597 /* JSONValueTransformer.m in Sources */ = {isa = PBXBuildFile; fileRef = 3890A038198D9F5900EC2597 /* JSONValueTransformer.m */; };
		3890A078198D9F5900EC2597 /* NSAttributedString+MGTrim.m in Sources */ = {isa = PBXBuildFile; fileRef = 3890A03C198D9F5900EC2597 /* NSAttributedString+MGTrim.m */; };
		3890A079198D9F5900EC2597 /* NSObject+MGEvents.m in Sources */ = {isa = PBXBuildFile; fileRef = 3890A03E198D9F5900EC2597 /* NSObject+MGEvents.m */; };
		3890A07A198D9F5900EC2597 /* UIColor+MGExpanded.m in Sources */ = {isa = PBXBuildFile; fileRef = 3890A040198D9F5900EC2597 /* UIColor+MGExpanded.m */; };
		3890A07B198D9F5900EC2597 /* UIControl+MGEvents.m in Sources */ = {isa = PBXBuildFile; fileRef = 3890A042198D9F5900EC2597 /* UIControl+MGEvents.m */; };
		3890A07C198D9F5900EC2597 /* UIResponder+FirstResponder.m in Sources */ = {isa = PBXBuildFile; fileRef = 3890A044198D9F5900EC2597 /* UIResponder+FirstResponder.m */; };
		3890A07D198D9F5900EC2597 /* UIView+MGEasyFrame.m in Sources */ = {isa = PBXBuildFile; fileRef = 3890A046198D9F5900EC2597 /* UIView+MGEasyFrame.m */; };
		3890A07E198D9F5900EC2597 /* MGBlockWrapper.m in Sources */ = {isa = PBXBuildFile; fileRef = 3890A049198D9F5900EC2597 /* MGBlockWrapper.m */; };
		3890A07F198D9F5900EC2597 /* MGBox.m in Sources */ = {isa = PBXBuildFile; fileRef = 3890A04B198D9F5900EC2597 /* MGBox.m */; };
		3890A080198D9F5900EC2597 /* MGButton.m in Sources */ = {isa = PBXBuildFile; fileRef = 3890A04D198D9F5900EC2597 /* MGButton.m */; };
		3890A081198D9F5900EC2597 /* MGLayoutManager.m in Sources */ = {isa = PBXBuildFile; fileRef = 3890A050198D9F5900EC2597 /* MGLayoutManager.m */; };
		3890A082198D9F5900EC2597 /* MGLine.m in Sources */ = {isa = PBXBuildFile; fileRef = 3890A052198D9F5900EC2597 /* MGLine.m */; };
		3890A083198D9F5900EC2597 /* MGLineStyled.m in Sources */ = {isa = PBXBuildFile; fileRef = 3890A054198D9F5900EC2597 /* MGLineStyled.m */; };
		3890A084198D9F5900EC2597 /* MGMushParser.m in Sources */ = {isa = PBXBuildFile; fileRef = 3890A056198D9F5900EC2597 /* MGMushParser.m */; };
		3890A085198D9F5900EC2597 /* MGScrollView.m in Sources */ = {isa = PBXBuildFile; fileRef = 3890A058198D9F5900EC2597 /* MGScrollView.m */; };
		3890A086198D9F5900EC2597 /* MGTableBox.m in Sources */ = {isa = PBXBuildFile; fileRef = 3890A05A198D9F5900EC2597 /* MGTableBox.m */; };
		3890A087198D9F5900EC2597 /* MGTableBoxStyled.m in Sources */ = {isa = PBXBuildFile; fileRef = 3890A05C198D9F5900EC2597 /* MGTableBoxStyled.m */; };
		3890A0A2198DA1AD00EC2597 /* AppDelegate.m in Sources */ = {isa = PBXBuildFile; fileRef = 3890A093198DA1AD00EC2597 /* AppDelegate.m */; };
		3890A0A3198DA1AD00EC2597 /* InfoPlist.strings in Resources */ = {isa = PBXBuildFile; fileRef = 3890A094198DA1AD00EC2597 /* InfoPlist.strings */; };
		3890A0A4198DA1AD00EC2597 /* MainStoryboard.storyboard in Resources */ = {isa = PBXBuildFile; fileRef = 3890A096198DA1AD00EC2597 /* MainStoryboard.storyboard */; };
		3890A0A6198DA1AD00EC2597 /* main.m in Sources */ = {isa = PBXBuildFile; fileRef = 3890A099198DA1AD00EC2597 /* main.m */; };
		3890A0A7198DA1AD00EC2597 /* PhotoBox.m in Sources */ = {isa = PBXBuildFile; fileRef = 3890A09B198DA1AD00EC2597 /* PhotoBox.m */; };
		3890A0A8198DA1AD00EC2597 /* ViewController.m in Sources */ = {isa = PBXBuildFile; fileRef = 3890A09D198DA1AD00EC2597 /* ViewController.m */; };
		3890A0A9198DA1AD00EC2597 /* WebVideoViewController.m in Sources */ = {isa = PBXBuildFile; fileRef = 3890A09F198DA1AD00EC2597 /* WebVideoViewController.m */; };
		3890A0B0198DCFEA00EC2597 /* YTPlayerView-iframe-player.html in Resources */ = {isa = PBXBuildFile; fileRef = 3890A0AC198DCFEA00EC2597 /* YTPlayerView-iframe-player.html */; };
		3890A0B1198DCFEA00EC2597 /* YTPlayerView.m in Sources */ = {isa = PBXBuildFile; fileRef = 3890A0AF198DCFEA00EC2597 /* YTPlayerView.m */; };
		3890A0B3198DDCAF00EC2597 /* Images.xcassets in Resources */ = {isa = PBXBuildFile; fileRef = 3890A0B2198DDCAF00EC2597 /* Images.xcassets */; };
		3890A0B6198DDF3100EC2597 /* LoginViewController.m in Sources */ = {isa = PBXBuildFile; fileRef = 3890A0B5198DDF3100EC2597 /* LoginViewController.m */; };
		3890A0B9198DDF4000EC2597 /* PlaylistViewController.m in Sources */ = {isa = PBXBuildFile; fileRef = 3890A0B8198DDF4000EC2597 /* PlaylistViewController.m */; };
		3890A0BC198DDF4A00EC2597 /* VideoViewController.m in Sources */ = {isa = PBXBuildFile; fileRef = 3890A0BB198DDF4A00EC2597 /* VideoViewController.m */; };
		3890A0BD198DE78800EC2597 /* Foundation.framework in Frameworks */ = {isa = PBXBuildFile; fileRef = 9CA623DE169591AC003F6334 /* Foundation.framework */; };
		3890A0BE198DE80A00EC2597 /* CoreText.framework in Frameworks */ = {isa = PBXBuildFile; fileRef = 9CA624351695927C003F6334 /* CoreText.framework */; };
		3890A0BF198DE81200EC2597 /* QuartzCore.framework in Frameworks */ = {isa = PBXBuildFile; fileRef = 9CA6243316959278003F6334 /* QuartzCore.framework */; };
		3890A0C0198DE81B00EC2597 /* UIKit.framework in Frameworks */ = {isa = PBXBuildFile; fileRef = 9CA623DC169591AC003F6334 /* UIKit.framework */; };
		3890A0C1198DE82400EC2597 /* CoreGraphics.framework in Frameworks */ = {isa = PBXBuildFile; fileRef = 9CA623E0169591AC003F6334 /* CoreGraphics.framework */; };
		3890A0C3198DE89400EC2597 /* CFNetwork.framework in Frameworks */ = {isa = PBXBuildFile; fileRef = 3890A0C2198DE89400EC2597 /* CFNetwork.framework */; };
		9CA6246D169598BC003F6334 /* VideoLink.m in Sources */ = {isa = PBXBuildFile; fileRef = 9CA62468169598BC003F6334 /* VideoLink.m */; };
		9CA6246E169598BC003F6334 /* VideoModel.m in Sources */ = {isa = PBXBuildFile; fileRef = 9CA6246A169598BC003F6334 /* VideoModel.m */; };
		9CA624811695A2D5003F6334 /* MediaThumbnail.m in Sources */ = {isa = PBXBuildFile; fileRef = 9CA624801695A2D5003F6334 /* MediaThumbnail.m */; };
/* End PBXBuildFile section */

/* Begin PBXFileReference section */
		0A7106F5198E28B800298904 /* LivePlayViewController.h */ = {isa = PBXFileReference; fileEncoding = 4; lastKnownFileType = sourcecode.c.h; path = LivePlayViewController.h; sourceTree = "<group>"; };
		0A7106F6198E28B800298904 /* LivePlayViewController.m */ = {isa = PBXFileReference; fileEncoding = 4; lastKnownFileType = sourcecode.c.objc; path = LivePlayViewController.m; sourceTree = "<group>"; };
		0AACE87E198E855E009D2365 /* plus-512.png */ = {isa = PBXFileReference; lastKnownFileType = image.png; path = "plus-512.png"; sourceTree = "<group>"; };
		15A3290F70954718AF2E16FF /* libPods-YTBrowser.a */ = {isa = PBXFileReference; explicitFileType = archive.ar; includeInIndex = 0; path = "libPods-YTBrowser.a"; sourceTree = BUILT_PRODUCTS_DIR; };
		3817FA27198E66D600574182 /* background.png */ = {isa = PBXFileReference; lastKnownFileType = image.png; path = background.png; sourceTree = SOURCE_ROOT; };
		3817FA29198E678400574182 /* line.png */ = {isa = PBXFileReference; lastKnownFileType = image.png; path = line.png; sourceTree = "<group>"; };
		3890A021198D9F5900EC2597 /* JSONModel.h */ = {isa = PBXFileReference; fileEncoding = 4; lastKnownFileType = sourcecode.c.h; path = JSONModel.h; sourceTree = "<group>"; };
		3890A022198D9F5900EC2597 /* JSONModel.m */ = {isa = PBXFileReference; fileEncoding = 4; lastKnownFileType = sourcecode.c.objc; path = JSONModel.m; sourceTree = "<group>"; };
		3890A023198D9F5900EC2597 /* JSONModelArray.h */ = {isa = PBXFileReference; fileEncoding = 4; lastKnownFileType = sourcecode.c.h; path = JSONModelArray.h; sourceTree = "<group>"; };
		3890A024198D9F5900EC2597 /* JSONModelArray.m */ = {isa = PBXFileReference; fileEncoding = 4; lastKnownFileType = sourcecode.c.objc; path = JSONModelArray.m; sourceTree = "<group>"; };
		3890A025198D9F5900EC2597 /* JSONModelClassProperty.h */ = {isa = PBXFileReference; fileEncoding = 4; lastKnownFileType = sourcecode.c.h; path = JSONModelClassProperty.h; sourceTree = "<group>"; };
		3890A026198D9F5900EC2597 /* JSONModelClassProperty.m */ = {isa = PBXFileReference; fileEncoding = 4; lastKnownFileType = sourcecode.c.objc; path = JSONModelClassProperty.m; sourceTree = "<group>"; };
		3890A027198D9F5900EC2597 /* JSONModelError.h */ = {isa = PBXFileReference; fileEncoding = 4; lastKnownFileType = sourcecode.c.h; path = JSONModelError.h; sourceTree = "<group>"; };
		3890A028198D9F5900EC2597 /* JSONModelError.m */ = {isa = PBXFileReference; fileEncoding = 4; lastKnownFileType = sourcecode.c.objc; path = JSONModelError.m; sourceTree = "<group>"; };
		3890A02A198D9F5900EC2597 /* NSArray+JSONModel.h */ = {isa = PBXFileReference; fileEncoding = 4; lastKnownFileType = sourcecode.c.h; path = "NSArray+JSONModel.h"; sourceTree = "<group>"; };
		3890A02B198D9F5900EC2597 /* NSArray+JSONModel.m */ = {isa = PBXFileReference; fileEncoding = 4; lastKnownFileType = sourcecode.c.objc; path = "NSArray+JSONModel.m"; sourceTree = "<group>"; };
		3890A02C198D9F5900EC2597 /* JSONModelLib.h */ = {isa = PBXFileReference; fileEncoding = 4; lastKnownFileType = sourcecode.c.h; path = JSONModelLib.h; sourceTree = "<group>"; };
		3890A02E198D9F5900EC2597 /* JSONAPI.h */ = {isa = PBXFileReference; fileEncoding = 4; lastKnownFileType = sourcecode.c.h; path = JSONAPI.h; sourceTree = "<group>"; };
		3890A02F198D9F5900EC2597 /* JSONAPI.m */ = {isa = PBXFileReference; fileEncoding = 4; lastKnownFileType = sourcecode.c.objc; path = JSONAPI.m; sourceTree = "<group>"; };
		3890A030198D9F5900EC2597 /* JSONHTTPClient.h */ = {isa = PBXFileReference; fileEncoding = 4; lastKnownFileType = sourcecode.c.h; path = JSONHTTPClient.h; sourceTree = "<group>"; };
		3890A031198D9F5900EC2597 /* JSONHTTPClient.m */ = {isa = PBXFileReference; fileEncoding = 4; lastKnownFileType = sourcecode.c.objc; path = JSONHTTPClient.m; sourceTree = "<group>"; };
		3890A032198D9F5900EC2597 /* JSONModel+networking.h */ = {isa = PBXFileReference; fileEncoding = 4; lastKnownFileType = sourcecode.c.h; path = "JSONModel+networking.h"; sourceTree = "<group>"; };
		3890A033198D9F5900EC2597 /* JSONModel+networking.m */ = {isa = PBXFileReference; fileEncoding = 4; lastKnownFileType = sourcecode.c.objc; path = "JSONModel+networking.m"; sourceTree = "<group>"; };
		3890A035198D9F5900EC2597 /* JSONKeyMapper.h */ = {isa = PBXFileReference; fileEncoding = 4; lastKnownFileType = sourcecode.c.h; path = JSONKeyMapper.h; sourceTree = "<group>"; };
		3890A036198D9F5900EC2597 /* JSONKeyMapper.m */ = {isa = PBXFileReference; fileEncoding = 4; lastKnownFileType = sourcecode.c.objc; path = JSONKeyMapper.m; sourceTree = "<group>"; };
		3890A037198D9F5900EC2597 /* JSONValueTransformer.h */ = {isa = PBXFileReference; fileEncoding = 4; lastKnownFileType = sourcecode.c.h; path = JSONValueTransformer.h; sourceTree = "<group>"; };
		3890A038198D9F5900EC2597 /* JSONValueTransformer.m */ = {isa = PBXFileReference; fileEncoding = 4; lastKnownFileType = sourcecode.c.objc; path = JSONValueTransformer.m; sourceTree = "<group>"; };
		3890A03B198D9F5900EC2597 /* NSAttributedString+MGTrim.h */ = {isa = PBXFileReference; fileEncoding = 4; lastKnownFileType = sourcecode.c.h; path = "NSAttributedString+MGTrim.h"; sourceTree = "<group>"; };
		3890A03C198D9F5900EC2597 /* NSAttributedString+MGTrim.m */ = {isa = PBXFileReference; fileEncoding = 4; lastKnownFileType = sourcecode.c.objc; path = "NSAttributedString+MGTrim.m"; sourceTree = "<group>"; };
		3890A03D198D9F5900EC2597 /* NSObject+MGEvents.h */ = {isa = PBXFileReference; fileEncoding = 4; lastKnownFileType = sourcecode.c.h; path = "NSObject+MGEvents.h"; sourceTree = "<group>"; };
		3890A03E198D9F5900EC2597 /* NSObject+MGEvents.m */ = {isa = PBXFileReference; fileEncoding = 4; lastKnownFileType = sourcecode.c.objc; path = "NSObject+MGEvents.m"; sourceTree = "<group>"; };
		3890A03F198D9F5900EC2597 /* UIColor+MGExpanded.h */ = {isa = PBXFileReference; fileEncoding = 4; lastKnownFileType = sourcecode.c.h; path = "UIColor+MGExpanded.h"; sourceTree = "<group>"; };
		3890A040198D9F5900EC2597 /* UIColor+MGExpanded.m */ = {isa = PBXFileReference; fileEncoding = 4; lastKnownFileType = sourcecode.c.objc; path = "UIColor+MGExpanded.m"; sourceTree = "<group>"; };
		3890A041198D9F5900EC2597 /* UIControl+MGEvents.h */ = {isa = PBXFileReference; fileEncoding = 4; lastKnownFileType = sourcecode.c.h; path = "UIControl+MGEvents.h"; sourceTree = "<group>"; };
		3890A042198D9F5900EC2597 /* UIControl+MGEvents.m */ = {isa = PBXFileReference; fileEncoding = 4; lastKnownFileType = sourcecode.c.objc; path = "UIControl+MGEvents.m"; sourceTree = "<group>"; };
		3890A043198D9F5900EC2597 /* UIResponder+FirstResponder.h */ = {isa = PBXFileReference; fileEncoding = 4; lastKnownFileType = sourcecode.c.h; path = "UIResponder+FirstResponder.h"; sourceTree = "<group>"; };
		3890A044198D9F5900EC2597 /* UIResponder+FirstResponder.m */ = {isa = PBXFileReference; fileEncoding = 4; lastKnownFileType = sourcecode.c.objc; path = "UIResponder+FirstResponder.m"; sourceTree = "<group>"; };
		3890A045198D9F5900EC2597 /* UIView+MGEasyFrame.h */ = {isa = PBXFileReference; fileEncoding = 4; lastKnownFileType = sourcecode.c.h; path = "UIView+MGEasyFrame.h"; sourceTree = "<group>"; };
		3890A046198D9F5900EC2597 /* UIView+MGEasyFrame.m */ = {isa = PBXFileReference; fileEncoding = 4; lastKnownFileType = sourcecode.c.objc; path = "UIView+MGEasyFrame.m"; sourceTree = "<group>"; };
		3890A047198D9F5900EC2597 /* MGBase.h */ = {isa = PBXFileReference; fileEncoding = 4; lastKnownFileType = sourcecode.c.h; path = MGBase.h; sourceTree = "<group>"; };
		3890A048198D9F5900EC2597 /* MGBlockWrapper.h */ = {isa = PBXFileReference; fileEncoding = 4; lastKnownFileType = sourcecode.c.h; path = MGBlockWrapper.h; sourceTree = "<group>"; };
		3890A049198D9F5900EC2597 /* MGBlockWrapper.m */ = {isa = PBXFileReference; fileEncoding = 4; lastKnownFileType = sourcecode.c.objc; path = MGBlockWrapper.m; sourceTree = "<group>"; };
		3890A04A198D9F5900EC2597 /* MGBox.h */ = {isa = PBXFileReference; fileEncoding = 4; lastKnownFileType = sourcecode.c.h; path = MGBox.h; sourceTree = "<group>"; };
		3890A04B198D9F5900EC2597 /* MGBox.m */ = {isa = PBXFileReference; fileEncoding = 4; lastKnownFileType = sourcecode.c.objc; path = MGBox.m; sourceTree = "<group>"; };
		3890A04C198D9F5900EC2597 /* MGButton.h */ = {isa = PBXFileReference; fileEncoding = 4; lastKnownFileType = sourcecode.c.h; path = MGButton.h; sourceTree = "<group>"; };
		3890A04D198D9F5900EC2597 /* MGButton.m */ = {isa = PBXFileReference; fileEncoding = 4; lastKnownFileType = sourcecode.c.objc; path = MGButton.m; sourceTree = "<group>"; };
		3890A04E198D9F5900EC2597 /* MGLayoutBox.h */ = {isa = PBXFileReference; fileEncoding = 4; lastKnownFileType = sourcecode.c.h; path = MGLayoutBox.h; sourceTree = "<group>"; };
		3890A04F198D9F5900EC2597 /* MGLayoutManager.h */ = {isa = PBXFileReference; fileEncoding = 4; lastKnownFileType = sourcecode.c.h; path = MGLayoutManager.h; sourceTree = "<group>"; };
		3890A050198D9F5900EC2597 /* MGLayoutManager.m */ = {isa = PBXFileReference; fileEncoding = 4; lastKnownFileType = sourcecode.c.objc; path = MGLayoutManager.m; sourceTree = "<group>"; };
		3890A051198D9F5900EC2597 /* MGLine.h */ = {isa = PBXFileReference; fileEncoding = 4; lastKnownFileType = sourcecode.c.h; path = MGLine.h; sourceTree = "<group>"; };
		3890A052198D9F5900EC2597 /* MGLine.m */ = {isa = PBXFileReference; fileEncoding = 4; lastKnownFileType = sourcecode.c.objc; path = MGLine.m; sourceTree = "<group>"; };
		3890A053198D9F5900EC2597 /* MGLineStyled.h */ = {isa = PBXFileReference; fileEncoding = 4; lastKnownFileType = sourcecode.c.h; path = MGLineStyled.h; sourceTree = "<group>"; };
		3890A054198D9F5900EC2597 /* MGLineStyled.m */ = {isa = PBXFileReference; fileEncoding = 4; lastKnownFileType = sourcecode.c.objc; path = MGLineStyled.m; sourceTree = "<group>"; };
		3890A055198D9F5900EC2597 /* MGMushParser.h */ = {isa = PBXFileReference; fileEncoding = 4; lastKnownFileType = sourcecode.c.h; path = MGMushParser.h; sourceTree = "<group>"; };
		3890A056198D9F5900EC2597 /* MGMushParser.m */ = {isa = PBXFileReference; fileEncoding = 4; lastKnownFileType = sourcecode.c.objc; path = MGMushParser.m; sourceTree = "<group>"; };
		3890A057198D9F5900EC2597 /* MGScrollView.h */ = {isa = PBXFileReference; fileEncoding = 4; lastKnownFileType = sourcecode.c.h; path = MGScrollView.h; sourceTree = "<group>"; };
		3890A058198D9F5900EC2597 /* MGScrollView.m */ = {isa = PBXFileReference; fileEncoding = 4; lastKnownFileType = sourcecode.c.objc; path = MGScrollView.m; sourceTree = "<group>"; };
		3890A059198D9F5900EC2597 /* MGTableBox.h */ = {isa = PBXFileReference; fileEncoding = 4; lastKnownFileType = sourcecode.c.h; path = MGTableBox.h; sourceTree = "<group>"; };
		3890A05A198D9F5900EC2597 /* MGTableBox.m */ = {isa = PBXFileReference; fileEncoding = 4; lastKnownFileType = sourcecode.c.objc; path = MGTableBox.m; sourceTree = "<group>"; };
		3890A05B198D9F5900EC2597 /* MGTableBoxStyled.h */ = {isa = PBXFileReference; fileEncoding = 4; lastKnownFileType = sourcecode.c.h; path = MGTableBoxStyled.h; sourceTree = "<group>"; };
		3890A05C198D9F5900EC2597 /* MGTableBoxStyled.m */ = {isa = PBXFileReference; fileEncoding = 4; lastKnownFileType = sourcecode.c.objc; path = MGTableBoxStyled.m; sourceTree = "<group>"; };
		3890A092198DA1AD00EC2597 /* AppDelegate.h */ = {isa = PBXFileReference; fileEncoding = 4; lastKnownFileType = sourcecode.c.h; path = AppDelegate.h; sourceTree = "<group>"; };
		3890A093198DA1AD00EC2597 /* AppDelegate.m */ = {isa = PBXFileReference; fileEncoding = 4; lastKnownFileType = sourcecode.c.objc; path = AppDelegate.m; sourceTree = "<group>"; };
		3890A095198DA1AD00EC2597 /* en */ = {isa = PBXFileReference; lastKnownFileType = text.plist.strings; name = en; path = en.lproj/InfoPlist.strings; sourceTree = "<group>"; };
		3890A097198DA1AD00EC2597 /* en */ = {isa = PBXFileReference; lastKnownFileType = file.storyboard; name = en; path = en.lproj/MainStoryboard.storyboard; sourceTree = "<group>"; };
		3890A099198DA1AD00EC2597 /* main.m */ = {isa = PBXFileReference; fileEncoding = 4; lastKnownFileType = sourcecode.c.objc; path = main.m; sourceTree = "<group>"; };
		3890A09A198DA1AD00EC2597 /* PhotoBox.h */ = {isa = PBXFileReference; fileEncoding = 4; lastKnownFileType = sourcecode.c.h; path = PhotoBox.h; sourceTree = "<group>"; };
		3890A09B198DA1AD00EC2597 /* PhotoBox.m */ = {isa = PBXFileReference; fileEncoding = 4; lastKnownFileType = sourcecode.c.objc; path = PhotoBox.m; sourceTree = "<group>"; };
		3890A09C198DA1AD00EC2597 /* ViewController.h */ = {isa = PBXFileReference; fileEncoding = 4; lastKnownFileType = sourcecode.c.h; path = ViewController.h; sourceTree = "<group>"; };
		3890A09D198DA1AD00EC2597 /* ViewController.m */ = {isa = PBXFileReference; fileEncoding = 4; lastKnownFileType = sourcecode.c.objc; path = ViewController.m; sourceTree = "<group>"; };
		3890A09E198DA1AD00EC2597 /* WebVideoViewController.h */ = {isa = PBXFileReference; fileEncoding = 4; lastKnownFileType = sourcecode.c.h; path = WebVideoViewController.h; sourceTree = "<group>"; };
		3890A09F198DA1AD00EC2597 /* WebVideoViewController.m */ = {isa = PBXFileReference; fileEncoding = 4; lastKnownFileType = sourcecode.c.objc; path = WebVideoViewController.m; sourceTree = "<group>"; };
		3890A0A0198DA1AD00EC2597 /* YTBrowser-Info.plist */ = {isa = PBXFileReference; fileEncoding = 4; lastKnownFileType = text.plist.xml; path = "YTBrowser-Info.plist"; sourceTree = "<group>"; };
		3890A0A1198DA1AD00EC2597 /* YTBrowser-Prefix.pch */ = {isa = PBXFileReference; fileEncoding = 4; lastKnownFileType = sourcecode.c.h; path = "YTBrowser-Prefix.pch"; sourceTree = "<group>"; };
		3890A0AC198DCFEA00EC2597 /* YTPlayerView-iframe-player.html */ = {isa = PBXFileReference; fileEncoding = 4; lastKnownFileType = text.html; path = "YTPlayerView-iframe-player.html"; sourceTree = "<group>"; };
		3890A0AE198DCFEA00EC2597 /* YTPlayerView.h */ = {isa = PBXFileReference; fileEncoding = 4; lastKnownFileType = sourcecode.c.h; path = YTPlayerView.h; sourceTree = "<group>"; };
		3890A0AF198DCFEA00EC2597 /* YTPlayerView.m */ = {isa = PBXFileReference; fileEncoding = 4; lastKnownFileType = sourcecode.c.objc; path = YTPlayerView.m; sourceTree = "<group>"; };
		3890A0B2198DDCAF00EC2597 /* Images.xcassets */ = {isa = PBXFileReference; lastKnownFileType = folder.assetcatalog; path = Images.xcassets; sourceTree = "<group>"; };
		3890A0B4198DDF3100EC2597 /* LoginViewController.h */ = {isa = PBXFileReference; fileEncoding = 4; lastKnownFileType = sourcecode.c.h; path = LoginViewController.h; sourceTree = "<group>"; };
		3890A0B5198DDF3100EC2597 /* LoginViewController.m */ = {isa = PBXFileReference; fileEncoding = 4; lastKnownFileType = sourcecode.c.objc; path = LoginViewController.m; sourceTree = "<group>"; };
		3890A0B7198DDF4000EC2597 /* PlaylistViewController.h */ = {isa = PBXFileReference; fileEncoding = 4; lastKnownFileType = sourcecode.c.h; path = PlaylistViewController.h; sourceTree = "<group>"; };
		3890A0B8198DDF4000EC2597 /* PlaylistViewController.m */ = {isa = PBXFileReference; fileEncoding = 4; lastKnownFileType = sourcecode.c.objc; path = PlaylistViewController.m; sourceTree = "<group>"; };
		3890A0BA198DDF4A00EC2597 /* VideoViewController.h */ = {isa = PBXFileReference; fileEncoding = 4; lastKnownFileType = sourcecode.c.h; path = VideoViewController.h; sourceTree = "<group>"; };
		3890A0BB198DDF4A00EC2597 /* VideoViewController.m */ = {isa = PBXFileReference; fileEncoding = 4; lastKnownFileType = sourcecode.c.objc; path = VideoViewController.m; sourceTree = "<group>"; };
		3890A0C2198DE89400EC2597 /* CFNetwork.framework */ = {isa = PBXFileReference; lastKnownFileType = wrapper.framework; name = CFNetwork.framework; path = System/Library/Frameworks/CFNetwork.framework; sourceTree = SDKROOT; };
		3890A0C4198DE8AB00EC2597 /* libPods-YTBrowser-Firebase.a */ = {isa = PBXFileReference; lastKnownFileType = archive.ar; name = "libPods-YTBrowser-Firebase.a"; path = "Pods/build/Debug-iphoneos/libPods-YTBrowser-Firebase.a"; sourceTree = SOURCE_ROOT; };
		9CA623D8169591AC003F6334 /* YTBrowser.app */ = {isa = PBXFileReference; explicitFileType = wrapper.application; includeInIndex = 0; path = YTBrowser.app; sourceTree = BUILT_PRODUCTS_DIR; };
		9CA623DC169591AC003F6334 /* UIKit.framework */ = {isa = PBXFileReference; lastKnownFileType = wrapper.framework; name = UIKit.framework; path = System/Library/Frameworks/UIKit.framework; sourceTree = SDKROOT; };
		9CA623DE169591AC003F6334 /* Foundation.framework */ = {isa = PBXFileReference; lastKnownFileType = wrapper.framework; name = Foundation.framework; path = System/Library/Frameworks/Foundation.framework; sourceTree = SDKROOT; };
		9CA623E0169591AC003F6334 /* CoreGraphics.framework */ = {isa = PBXFileReference; lastKnownFileType = wrapper.framework; name = CoreGraphics.framework; path = System/Library/Frameworks/CoreGraphics.framework; sourceTree = SDKROOT; };
		9CA6243316959278003F6334 /* QuartzCore.framework */ = {isa = PBXFileReference; lastKnownFileType = wrapper.framework; name = QuartzCore.framework; path = System/Library/Frameworks/QuartzCore.framework; sourceTree = SDKROOT; };
		9CA624351695927C003F6334 /* CoreText.framework */ = {isa = PBXFileReference; lastKnownFileType = wrapper.framework; name = CoreText.framework; path = System/Library/Frameworks/CoreText.framework; sourceTree = SDKROOT; };
		9CA62467169598BC003F6334 /* VideoLink.h */ = {isa = PBXFileReference; fileEncoding = 4; lastKnownFileType = sourcecode.c.h; path = VideoLink.h; sourceTree = "<group>"; };
		9CA62468169598BC003F6334 /* VideoLink.m */ = {isa = PBXFileReference; fileEncoding = 4; lastKnownFileType = sourcecode.c.objc; path = VideoLink.m; sourceTree = "<group>"; };
		9CA62469169598BC003F6334 /* VideoModel.h */ = {isa = PBXFileReference; fileEncoding = 4; lastKnownFileType = sourcecode.c.h; path = VideoModel.h; sourceTree = "<group>"; };
		9CA6246A169598BC003F6334 /* VideoModel.m */ = {isa = PBXFileReference; fileEncoding = 4; lastKnownFileType = sourcecode.c.objc; path = VideoModel.m; sourceTree = "<group>"; };
		9CA6247F1695A2D5003F6334 /* MediaThumbnail.h */ = {isa = PBXFileReference; fileEncoding = 4; lastKnownFileType = sourcecode.c.h; path = MediaThumbnail.h; sourceTree = "<group>"; };
		9CA624801695A2D5003F6334 /* MediaThumbnail.m */ = {isa = PBXFileReference; fileEncoding = 4; lastKnownFileType = sourcecode.c.objc; path = MediaThumbnail.m; sourceTree = "<group>"; };
		D6CF4D1A95F744CA8C0843F7 /* Pods-YTBrowser.xcconfig */ = {isa = PBXFileReference; includeInIndex = 1; lastKnownFileType = text.xcconfig; name = "Pods-YTBrowser.xcconfig"; path = "Pods/Pods-YTBrowser.xcconfig"; sourceTree = "<group>"; };
/* End PBXFileReference section */

/* Begin PBXFrameworksBuildPhase section */
		9CA623D5169591AC003F6334 /* Frameworks */ = {
			isa = PBXFrameworksBuildPhase;
			buildActionMask = 2147483647;
			files = (
				3890A0BD198DE78800EC2597 /* Foundation.framework in Frameworks */,
				3890A0C3198DE89400EC2597 /* CFNetwork.framework in Frameworks */,
				3890A0C1198DE82400EC2597 /* CoreGraphics.framework in Frameworks */,
				3890A0C0198DE81B00EC2597 /* UIKit.framework in Frameworks */,
				3890A0BF198DE81200EC2597 /* QuartzCore.framework in Frameworks */,
				3890A0BE198DE80A00EC2597 /* CoreText.framework in Frameworks */,
				37B10636971E45C6B868427E /* libPods-YTBrowser.a in Frameworks */,
			);
			runOnlyForDeploymentPostprocessing = 0;
		};
/* End PBXFrameworksBuildPhase section */

/* Begin PBXGroup section */
		3890A01E198D9F5900EC2597 /* Frameworks */ = {
			isa = PBXGroup;
			children = (
				3890A0C4198DE8AB00EC2597 /* libPods-YTBrowser-Firebase.a */,
				3890A0C2198DE89400EC2597 /* CFNetwork.framework */,
				3890A0AB198DCFEA00EC2597 /* Assets */,
				3890A0AD198DCFEA00EC2597 /* Classes */,
				3890A01F198D9F5900EC2597 /* JSONModel */,
				3890A039198D9F5900EC2597 /* MGBox */,
				15A3290F70954718AF2E16FF /* libPods-YTBrowser.a */,
			);
			path = Frameworks;
			sourceTree = "<group>";
		};
		3890A01F198D9F5900EC2597 /* JSONModel */ = {
			isa = PBXGroup;
			children = (
				3890A020198D9F5900EC2597 /* JSONModel */,
				3890A029198D9F5900EC2597 /* JSONModelCategories */,
				3890A02C198D9F5900EC2597 /* JSONModelLib.h */,
				3890A02D198D9F5900EC2597 /* JSONModelNetworking */,
				3890A034198D9F5900EC2597 /* JSONModelTransformations */,
			);
			path = JSONModel;
			sourceTree = "<group>";
		};
		3890A020198D9F5900EC2597 /* JSONModel */ = {
			isa = PBXGroup;
			children = (
				3890A021198D9F5900EC2597 /* JSONModel.h */,
				3890A022198D9F5900EC2597 /* JSONModel.m */,
				3890A023198D9F5900EC2597 /* JSONModelArray.h */,
				3890A024198D9F5900EC2597 /* JSONModelArray.m */,
				3890A025198D9F5900EC2597 /* JSONModelClassProperty.h */,
				3890A026198D9F5900EC2597 /* JSONModelClassProperty.m */,
				3890A027198D9F5900EC2597 /* JSONModelError.h */,
				3890A028198D9F5900EC2597 /* JSONModelError.m */,
			);
			path = JSONModel;
			sourceTree = "<group>";
		};
		3890A029198D9F5900EC2597 /* JSONModelCategories */ = {
			isa = PBXGroup;
			children = (
				3890A02A198D9F5900EC2597 /* NSArray+JSONModel.h */,
				3890A02B198D9F5900EC2597 /* NSArray+JSONModel.m */,
			);
			path = JSONModelCategories;
			sourceTree = "<group>";
		};
		3890A02D198D9F5900EC2597 /* JSONModelNetworking */ = {
			isa = PBXGroup;
			children = (
				3890A02E198D9F5900EC2597 /* JSONAPI.h */,
				3890A02F198D9F5900EC2597 /* JSONAPI.m */,
				3890A030198D9F5900EC2597 /* JSONHTTPClient.h */,
				3890A031198D9F5900EC2597 /* JSONHTTPClient.m */,
				3890A032198D9F5900EC2597 /* JSONModel+networking.h */,
				3890A033198D9F5900EC2597 /* JSONModel+networking.m */,
			);
			path = JSONModelNetworking;
			sourceTree = "<group>";
		};
		3890A034198D9F5900EC2597 /* JSONModelTransformations */ = {
			isa = PBXGroup;
			children = (
				3890A035198D9F5900EC2597 /* JSONKeyMapper.h */,
				3890A036198D9F5900EC2597 /* JSONKeyMapper.m */,
				3890A037198D9F5900EC2597 /* JSONValueTransformer.h */,
				3890A038198D9F5900EC2597 /* JSONValueTransformer.m */,
			);
			path = JSONModelTransformations;
			sourceTree = "<group>";
		};
		3890A039198D9F5900EC2597 /* MGBox */ = {
			isa = PBXGroup;
			children = (
				3890A03A198D9F5900EC2597 /* Categories */,
				3890A047198D9F5900EC2597 /* MGBase.h */,
				3890A048198D9F5900EC2597 /* MGBlockWrapper.h */,
				3890A049198D9F5900EC2597 /* MGBlockWrapper.m */,
				3890A04A198D9F5900EC2597 /* MGBox.h */,
				3890A04B198D9F5900EC2597 /* MGBox.m */,
				3890A04C198D9F5900EC2597 /* MGButton.h */,
				3890A04D198D9F5900EC2597 /* MGButton.m */,
				3890A04E198D9F5900EC2597 /* MGLayoutBox.h */,
				3890A04F198D9F5900EC2597 /* MGLayoutManager.h */,
				3890A050198D9F5900EC2597 /* MGLayoutManager.m */,
				3890A051198D9F5900EC2597 /* MGLine.h */,
				3890A052198D9F5900EC2597 /* MGLine.m */,
				3890A053198D9F5900EC2597 /* MGLineStyled.h */,
				3890A054198D9F5900EC2597 /* MGLineStyled.m */,
				3890A055198D9F5900EC2597 /* MGMushParser.h */,
				3890A056198D9F5900EC2597 /* MGMushParser.m */,
				3890A057198D9F5900EC2597 /* MGScrollView.h */,
				3890A058198D9F5900EC2597 /* MGScrollView.m */,
				3890A059198D9F5900EC2597 /* MGTableBox.h */,
				3890A05A198D9F5900EC2597 /* MGTableBox.m */,
				3890A05B198D9F5900EC2597 /* MGTableBoxStyled.h */,
				3890A05C198D9F5900EC2597 /* MGTableBoxStyled.m */,
			);
			path = MGBox;
			sourceTree = "<group>";
		};
		3890A03A198D9F5900EC2597 /* Categories */ = {
			isa = PBXGroup;
			children = (
				3890A03B198D9F5900EC2597 /* NSAttributedString+MGTrim.h */,
				3890A03C198D9F5900EC2597 /* NSAttributedString+MGTrim.m */,
				3890A03D198D9F5900EC2597 /* NSObject+MGEvents.h */,
				3890A03E198D9F5900EC2597 /* NSObject+MGEvents.m */,
				3890A03F198D9F5900EC2597 /* UIColor+MGExpanded.h */,
				3890A040198D9F5900EC2597 /* UIColor+MGExpanded.m */,
				3890A041198D9F5900EC2597 /* UIControl+MGEvents.h */,
				3890A042198D9F5900EC2597 /* UIControl+MGEvents.m */,
				3890A043198D9F5900EC2597 /* UIResponder+FirstResponder.h */,
				3890A044198D9F5900EC2597 /* UIResponder+FirstResponder.m */,
				3890A045198D9F5900EC2597 /* UIView+MGEasyFrame.h */,
				3890A046198D9F5900EC2597 /* UIView+MGEasyFrame.m */,
			);
			path = Categories;
			sourceTree = "<group>";
		};
		3890A091198DA1AD00EC2597 /* YTBrowser */ = {
			isa = PBXGroup;
			children = (
				0AACE87E198E855E009D2365 /* plus-512.png */,
				3817FA27198E66D600574182 /* background.png */,
				3817FA29198E678400574182 /* line.png */,
				3890A092198DA1AD00EC2597 /* AppDelegate.h */,
				3890A093198DA1AD00EC2597 /* AppDelegate.m */,
				3890A0B4198DDF3100EC2597 /* LoginViewController.h */,
				3890A0B5198DDF3100EC2597 /* LoginViewController.m */,
				3890A0B7198DDF4000EC2597 /* PlaylistViewController.h */,
				3890A0B8198DDF4000EC2597 /* PlaylistViewController.m */,
				3890A0BA198DDF4A00EC2597 /* VideoViewController.h */,
				3890A0BB198DDF4A00EC2597 /* VideoViewController.m */,
				3890A09C198DA1AD00EC2597 /* ViewController.h */,
				3890A09D198DA1AD00EC2597 /* ViewController.m */,
				3890A09E198DA1AD00EC2597 /* WebVideoViewController.h */,
				3890A09F198DA1AD00EC2597 /* WebVideoViewController.m */,
				0A7106F5198E28B800298904 /* LivePlayViewController.h */,
				0A7106F6198E28B800298904 /* LivePlayViewController.m */,
				3890A096198DA1AD00EC2597 /* MainStoryboard.storyboard */,
				3890A094198DA1AD00EC2597 /* InfoPlist.strings */,
				3890A099198DA1AD00EC2597 /* main.m */,
				3890A09A198DA1AD00EC2597 /* PhotoBox.h */,
				3890A09B198DA1AD00EC2597 /* PhotoBox.m */,
				3890A0A0198DA1AD00EC2597 /* YTBrowser-Info.plist */,
				3890A0A1198DA1AD00EC2597 /* YTBrowser-Prefix.pch */,
				3890A0B2198DDCAF00EC2597 /* Images.xcassets */,
			);
			path = YTBrowser;
			sourceTree = "<group>";
		};
		3890A0AB198DCFEA00EC2597 /* Assets */ = {
			isa = PBXGroup;
			children = (
				3890A0AC198DCFEA00EC2597 /* YTPlayerView-iframe-player.html */,
			);
			path = Assets;
			sourceTree = "<group>";
		};
		3890A0AD198DCFEA00EC2597 /* Classes */ = {
			isa = PBXGroup;
			children = (
				3890A0AE198DCFEA00EC2597 /* YTPlayerView.h */,
				3890A0AF198DCFEA00EC2597 /* YTPlayerView.m */,
			);
			path = Classes;
			sourceTree = "<group>";
		};
		9CA623CD169591AC003F6334 = {
			isa = PBXGroup;
			children = (
				3890A091198DA1AD00EC2597 /* YTBrowser */,
				9CA62466169598A7003F6334 /* YouTubeModels */,
				3890A01E198D9F5900EC2597 /* Frameworks */,
				9CA623DB169591AC003F6334 /* Frameworks */,
				9CA623D9169591AC003F6334 /* Products */,
				D6CF4D1A95F744CA8C0843F7 /* Pods-YTBrowser.xcconfig */,
			);
			sourceTree = "<group>";
		};
		9CA623D9169591AC003F6334 /* Products */ = {
			isa = PBXGroup;
			children = (
				9CA623D8169591AC003F6334 /* YTBrowser.app */,
			);
			name = Products;
			sourceTree = "<group>";
		};
		9CA623DB169591AC003F6334 /* Frameworks */ = {
			isa = PBXGroup;
			children = (
				9CA624351695927C003F6334 /* CoreText.framework */,
				9CA6243316959278003F6334 /* QuartzCore.framework */,
				9CA623DC169591AC003F6334 /* UIKit.framework */,
				9CA623DE169591AC003F6334 /* Foundation.framework */,
				9CA623E0169591AC003F6334 /* CoreGraphics.framework */,
			);
			name = Frameworks;
			sourceTree = "<group>";
		};
		9CA62466169598A7003F6334 /* YouTubeModels */ = {
			isa = PBXGroup;
			children = (
				9CA62467169598BC003F6334 /* VideoLink.h */,
				9CA62468169598BC003F6334 /* VideoLink.m */,
				9CA62469169598BC003F6334 /* VideoModel.h */,
				9CA6246A169598BC003F6334 /* VideoModel.m */,
				9CA6247F1695A2D5003F6334 /* MediaThumbnail.h */,
				9CA624801695A2D5003F6334 /* MediaThumbnail.m */,
			);
			name = YouTubeModels;
			sourceTree = "<group>";
		};
/* End PBXGroup section */

/* Begin PBXNativeTarget section */
		9CA623D7169591AC003F6334 /* YTBrowser */ = {
			isa = PBXNativeTarget;
			buildConfigurationList = 9CA623FC169591AC003F6334 /* Build configuration list for PBXNativeTarget "YTBrowser" */;
			buildPhases = (
				12E709DFADFE4AFABF184D87 /* Check Pods Manifest.lock */,
				9CA623D4169591AC003F6334 /* Sources */,
				9CA623D5169591AC003F6334 /* Frameworks */,
				9CA623D6169591AC003F6334 /* Resources */,
				E16ED441A20C4D3C9F763226 /* Copy Pods Resources */,
			);
			buildRules = (
			);
			dependencies = (
			);
			name = YTBrowser;
			productName = YTBrowser;
			productReference = 9CA623D8169591AC003F6334 /* YTBrowser.app */;
			productType = "com.apple.product-type.application";
		};
/* End PBXNativeTarget section */

/* Begin PBXProject section */
		9CA623CF169591AC003F6334 /* Project object */ = {
			isa = PBXProject;
			attributes = {
				LastUpgradeCheck = 0600;
				ORGANIZATIONNAME = "Underplot ltd.";
			};
			buildConfigurationList = 9CA623D2169591AC003F6334 /* Build configuration list for PBXProject "youParty" */;
			compatibilityVersion = "Xcode 3.2";
			developmentRegion = English;
			hasScannedForEncodings = 0;
			knownRegions = (
				en,
			);
			mainGroup = 9CA623CD169591AC003F6334;
			productRefGroup = 9CA623D9169591AC003F6334 /* Products */;
			projectDirPath = "";
			projectRoot = "";
			targets = (
				9CA623D7169591AC003F6334 /* YTBrowser */,
			);
		};
/* End PBXProject section */

/* Begin PBXResourcesBuildPhase section */
		9CA623D6169591AC003F6334 /* Resources */ = {
			isa = PBXResourcesBuildPhase;
			buildActionMask = 2147483647;
			files = (
				3890A0B3198DDCAF00EC2597 /* Images.xcassets in Resources */,
				0AACE87F198E855E009D2365 /* plus-512.png in Resources */,
				3817FA28198E66D600574182 /* background.png in Resources */,
				3890A0A4198DA1AD00EC2597 /* MainStoryboard.storyboard in Resources */,
				3890A0A3198DA1AD00EC2597 /* InfoPlist.strings in Resources */,
				3890A0B0198DCFEA00EC2597 /* YTPlayerView-iframe-player.html in Resources */,
				3817FA2A198E678400574182 /* line.png in Resources */,
			);
			runOnlyForDeploymentPostprocessing = 0;
		};
/* End PBXResourcesBuildPhase section */

/* Begin PBXShellScriptBuildPhase section */
		12E709DFADFE4AFABF184D87 /* Check Pods Manifest.lock */ = {
			isa = PBXShellScriptBuildPhase;
			buildActionMask = 2147483647;
			files = (
			);
			inputPaths = (
			);
			name = "Check Pods Manifest.lock";
			outputPaths = (
			);
			runOnlyForDeploymentPostprocessing = 0;
			shellPath = /bin/sh;
			shellScript = "diff \"${PODS_ROOT}/../Podfile.lock\" \"${PODS_ROOT}/Manifest.lock\" > /dev/null\nif [[ $? != 0 ]] ; then\n    cat << EOM\nerror: The sandbox is not in sync with the Podfile.lock. Run 'pod install' or update your CocoaPods installation.\nEOM\n    exit 1\nfi\n";
			showEnvVarsInLog = 0;
		};
		E16ED441A20C4D3C9F763226 /* Copy Pods Resources */ = {
			isa = PBXShellScriptBuildPhase;
			buildActionMask = 2147483647;
			files = (
			);
			inputPaths = (
			);
			name = "Copy Pods Resources";
			outputPaths = (
			);
			runOnlyForDeploymentPostprocessing = 0;
			shellPath = /bin/sh;
			shellScript = "\"${SRCROOT}/Pods/Pods-YTBrowser-resources.sh\"\n";
			showEnvVarsInLog = 0;
		};
/* End PBXShellScriptBuildPhase section */

/* Begin PBXSourcesBuildPhase section */
		9CA623D4169591AC003F6334 /* Sources */ = {
			isa = PBXSourcesBuildPhase;
			buildActionMask = 2147483647;
			files = (
				3890A081198D9F5900EC2597 /* MGLayoutManager.m in Sources */,
				3890A0A9198DA1AD00EC2597 /* WebVideoViewController.m in Sources */,
				3890A074198D9F5900EC2597 /* JSONHTTPClient.m in Sources */,
				3890A080198D9F5900EC2597 /* MGButton.m in Sources */,
				3890A084198D9F5900EC2597 /* MGMushParser.m in Sources */,
				3890A086198D9F5900EC2597 /* MGTableBox.m in Sources */,
				3890A087198D9F5900EC2597 /* MGTableBoxStyled.m in Sources */,
				3890A085198D9F5900EC2597 /* MGScrollView.m in Sources */,
				3890A06F198D9F5900EC2597 /* JSONModelArray.m in Sources */,
				3890A071198D9F5900EC2597 /* JSONModelError.m in Sources */,
				3890A073198D9F5900EC2597 /* JSONAPI.m in Sources */,
				3890A07A198D9F5900EC2597 /* UIColor+MGExpanded.m in Sources */,
				3890A077198D9F5900EC2597 /* JSONValueTransformer.m in Sources */,
				3890A0B1198DCFEA00EC2597 /* YTPlayerView.m in Sources */,
				3890A079198D9F5900EC2597 /* NSObject+MGEvents.m in Sources */,
				3890A0A6198DA1AD00EC2597 /* main.m in Sources */,
				3890A0B9198DDF4000EC2597 /* PlaylistViewController.m in Sources */,
				9CA6246D169598BC003F6334 /* VideoLink.m in Sources */,
				3890A0A2198DA1AD00EC2597 /* AppDelegate.m in Sources */,
				3890A07C198D9F5900EC2597 /* UIResponder+FirstResponder.m in Sources */,
				3890A07F198D9F5900EC2597 /* MGBox.m in Sources */,
				3890A06E198D9F5900EC2597 /* JSONModel.m in Sources */,
				3890A0BC198DDF4A00EC2597 /* VideoViewController.m in Sources */,
				3890A078198D9F5900EC2597 /* NSAttributedString+MGTrim.m in Sources */,
				0A7106F7198E28B800298904 /* LivePlayViewController.m in Sources */,
				3890A076198D9F5900EC2597 /* JSONKeyMapper.m in Sources */,
				3890A075198D9F5900EC2597 /* JSONModel+networking.m in Sources */,
				3890A072198D9F5900EC2597 /* NSArray+JSONModel.m in Sources */,
				9CA6246E169598BC003F6334 /* VideoModel.m in Sources */,
				3890A0A7198DA1AD00EC2597 /* PhotoBox.m in Sources */,
				3890A07E198D9F5900EC2597 /* MGBlockWrapper.m in Sources */,
				3890A083198D9F5900EC2597 /* MGLineStyled.m in Sources */,
				3890A0A8198DA1AD00EC2597 /* ViewController.m in Sources */,
				9CA624811695A2D5003F6334 /* MediaThumbnail.m in Sources */,
				3890A070198D9F5900EC2597 /* JSONModelClassProperty.m in Sources */,
				3890A0B6198DDF3100EC2597 /* LoginViewController.m in Sources */,
				3890A07B198D9F5900EC2597 /* UIControl+MGEvents.m in Sources */,
				3890A07D198D9F5900EC2597 /* UIView+MGEasyFrame.m in Sources */,
				3890A082198D9F5900EC2597 /* MGLine.m in Sources */,
			);
			runOnlyForDeploymentPostprocessing = 0;
		};
/* End PBXSourcesBuildPhase section */

/* Begin PBXVariantGroup section */
		3890A094198DA1AD00EC2597 /* InfoPlist.strings */ = {
			isa = PBXVariantGroup;
			children = (
				3890A095198DA1AD00EC2597 /* en */,
			);
			name = InfoPlist.strings;
			sourceTree = "<group>";
		};
		3890A096198DA1AD00EC2597 /* MainStoryboard.storyboard */ = {
			isa = PBXVariantGroup;
			children = (
				3890A097198DA1AD00EC2597 /* en */,
			);
			name = MainStoryboard.storyboard;
			sourceTree = "<group>";
		};
/* End PBXVariantGroup section */

/* Begin XCBuildConfiguration section */
		9CA623FA169591AC003F6334 /* Debug */ = {
			isa = XCBuildConfiguration;
			buildSettings = {
				ALWAYS_SEARCH_USER_PATHS = NO;
				CLANG_CXX_LANGUAGE_STANDARD = "gnu++0x";
				CLANG_CXX_LIBRARY = "libc++";
				CLANG_ENABLE_OBJC_ARC = YES;
				CLANG_WARN_EMPTY_BODY = YES;
				CLANG_WARN__DUPLICATE_METHOD_MATCH = YES;
				"CODE_SIGN_IDENTITY[sdk=iphoneos*]" = "iPhone Developer";
				COPY_PHASE_STRIP = NO;
				GCC_C_LANGUAGE_STANDARD = gnu99;
				GCC_DYNAMIC_NO_PIC = NO;
				GCC_OPTIMIZATION_LEVEL = 0;
				GCC_PREPROCESSOR_DEFINITIONS = (
					"DEBUG=1",
					"$(inherited)",
				);
				GCC_SYMBOLS_PRIVATE_EXTERN = NO;
				GCC_WARN_ABOUT_RETURN_TYPE = YES;
				GCC_WARN_UNINITIALIZED_AUTOS = YES;
				GCC_WARN_UNUSED_VARIABLE = YES;
				IPHONEOS_DEPLOYMENT_TARGET = 7.0;
				ONLY_ACTIVE_ARCH = YES;
				SDKROOT = iphoneos;
			};
			name = Debug;
		};
		9CA623FB169591AC003F6334 /* Release */ = {
			isa = XCBuildConfiguration;
			buildSettings = {
				ALWAYS_SEARCH_USER_PATHS = NO;
				CLANG_CXX_LANGUAGE_STANDARD = "gnu++0x";
				CLANG_CXX_LIBRARY = "libc++";
				CLANG_ENABLE_OBJC_ARC = YES;
				CLANG_WARN_EMPTY_BODY = YES;
				CLANG_WARN__DUPLICATE_METHOD_MATCH = YES;
				"CODE_SIGN_IDENTITY[sdk=iphoneos*]" = "iPhone Developer";
				COPY_PHASE_STRIP = YES;
				GCC_C_LANGUAGE_STANDARD = gnu99;
				GCC_WARN_ABOUT_RETURN_TYPE = YES;
				GCC_WARN_UNINITIALIZED_AUTOS = YES;
				GCC_WARN_UNUSED_VARIABLE = YES;
				IPHONEOS_DEPLOYMENT_TARGET = 7.0;
				OTHER_CFLAGS = "-DNS_BLOCK_ASSERTIONS=1";
				SDKROOT = iphoneos;
				VALIDATE_PRODUCT = YES;
			};
			name = Release;
		};
		9CA623FD169591AC003F6334 /* Debug */ = {
			isa = XCBuildConfiguration;
			baseConfigurationReference = D6CF4D1A95F744CA8C0843F7 /* Pods-YTBrowser.xcconfig */;
			buildSettings = {
				ASSETCATALOG_COMPILER_APPICON_NAME = AppIcon;
				ASSETCATALOG_COMPILER_LAUNCHIMAGE_NAME = LaunchImage;
				GCC_PRECOMPILE_PREFIX_HEADER = YES;
				GCC_PREFIX_HEADER = "YTBrowser/YTBrowser-Prefix.pch";
				INFOPLIST_FILE = "YTBrowser/YTBrowser-Info.plist";
				IPHONEOS_DEPLOYMENT_TARGET = 7.0;
				LIBRARY_SEARCH_PATHS = (
					"$(inherited)",
					"$(PROJECT_DIR)/Pods/build/Debug-iphoneos",
				);
				PRODUCT_NAME = "$(TARGET_NAME)";
				WRAPPER_EXTENSION = app;
			};
			name = Debug;
		};
		9CA623FE169591AC003F6334 /* Release */ = {
			isa = XCBuildConfiguration;
			baseConfigurationReference = D6CF4D1A95F744CA8C0843F7 /* Pods-YTBrowser.xcconfig */;
			buildSettings = {
				ASSETCATALOG_COMPILER_APPICON_NAME = AppIcon;
				ASSETCATALOG_COMPILER_LAUNCHIMAGE_NAME = LaunchImage;
				GCC_PRECOMPILE_PREFIX_HEADER = YES;
				GCC_PREFIX_HEADER = "YTBrowser/YTBrowser-Prefix.pch";
				INFOPLIST_FILE = "YTBrowser/YTBrowser-Info.plist";
				IPHONEOS_DEPLOYMENT_TARGET = 7.0;
				LIBRARY_SEARCH_PATHS = (
					"$(inherited)",
					"$(PROJECT_DIR)/Pods/build/Debug-iphoneos",
				);
				PRODUCT_NAME = "$(TARGET_NAME)";
				WRAPPER_EXTENSION = app;
			};
			name = Release;
		};
/* End XCBuildConfiguration section */

/* Begin XCConfigurationList section */
		9CA623D2169591AC003F6334 /* Build configuration list for PBXProject "youParty" */ = {
			isa = XCConfigurationList;
			buildConfigurations = (
				9CA623FA169591AC003F6334 /* Debug */,
				9CA623FB169591AC003F6334 /* Release */,
			);
			defaultConfigurationIsVisible = 0;
			defaultConfigurationName = Release;
		};
		9CA623FC169591AC003F6334 /* Build configuration list for PBXNativeTarget "YTBrowser" */ = {
			isa = XCConfigurationList;
			buildConfigurations = (
				9CA623FD169591AC003F6334 /* Debug */,
				9CA623FE169591AC003F6334 /* Release */,
			);
			defaultConfigurationIsVisible = 0;
			defaultConfigurationName = Release;
		};
/* End XCConfigurationList section */
	};
	rootObject = 9CA623CF169591AC003F6334 /* Project object */;
}
