// !$*UTF8*$!
{
	archiveVersion = 1;
	classes = {
	};
	objectVersion = 46;
	objects = {

/* Begin PBXBuildFile section */
<<<<<<< HEAD
		0AE6C5DC198D73EA00DAA54D /* main.m in Sources */ = {isa = PBXBuildFile; fileRef = 0AE6C5DB198D73EA00DAA54D /* main.m */; };
		0AE6C5DF198D73EA00DAA54D /* AppDelegate.m in Sources */ = {isa = PBXBuildFile; fileRef = 0AE6C5DE198D73EA00DAA54D /* AppDelegate.m */; };
		0AE6C5E2198D73EA00DAA54D /* ViewController.m in Sources */ = {isa = PBXBuildFile; fileRef = 0AE6C5E1198D73EA00DAA54D /* ViewController.m */; };
		0AE6C5E5198D73EA00DAA54D /* Main.storyboard in Resources */ = {isa = PBXBuildFile; fileRef = 0AE6C5E3198D73EA00DAA54D /* Main.storyboard */; };
		0AE6C5E7198D73EA00DAA54D /* Images.xcassets in Resources */ = {isa = PBXBuildFile; fileRef = 0AE6C5E6198D73EA00DAA54D /* Images.xcassets */; };
		0AE6C5F3198D73EB00DAA54D /* youpartyTests.m in Sources */ = {isa = PBXBuildFile; fileRef = 0AE6C5F2198D73EB00DAA54D /* youpartyTests.m */; };
/* End PBXBuildFile section */

/* Begin PBXContainerItemProxy section */
		0AE6C5ED198D73EB00DAA54D /* PBXContainerItemProxy */ = {
			isa = PBXContainerItemProxy;
			containerPortal = 0AE6C5CE198D73EA00DAA54D /* Project object */;
			proxyType = 1;
			remoteGlobalIDString = 0AE6C5D5198D73EA00DAA54D;
=======
		380F1CD3198D6BED0094769C /* main.m in Sources */ = {isa = PBXBuildFile; fileRef = 380F1CD2198D6BED0094769C /* main.m */; };
		380F1CD6198D6BED0094769C /* AppDelegate.m in Sources */ = {isa = PBXBuildFile; fileRef = 380F1CD5198D6BED0094769C /* AppDelegate.m */; };
		380F1CD9198D6BED0094769C /* ViewController.m in Sources */ = {isa = PBXBuildFile; fileRef = 380F1CD8198D6BED0094769C /* ViewController.m */; };
		380F1CDC198D6BED0094769C /* Main.storyboard in Resources */ = {isa = PBXBuildFile; fileRef = 380F1CDA198D6BED0094769C /* Main.storyboard */; };
		380F1CDE198D6BED0094769C /* Images.xcassets in Resources */ = {isa = PBXBuildFile; fileRef = 380F1CDD198D6BED0094769C /* Images.xcassets */; };
		380F1CEA198D6BED0094769C /* youpartyTests.m in Sources */ = {isa = PBXBuildFile; fileRef = 380F1CE9198D6BED0094769C /* youpartyTests.m */; };
/* End PBXBuildFile section */

/* Begin PBXContainerItemProxy section */
		380F1CE4198D6BED0094769C /* PBXContainerItemProxy */ = {
			isa = PBXContainerItemProxy;
			containerPortal = 380F1CC5198D6BED0094769C /* Project object */;
			proxyType = 1;
			remoteGlobalIDString = 380F1CCC198D6BED0094769C;
>>>>>>> FETCH_HEAD
			remoteInfo = youparty;
		};
/* End PBXContainerItemProxy section */

/* Begin PBXFileReference section */
<<<<<<< HEAD
		0AE6C5D6198D73EA00DAA54D /* youparty.app */ = {isa = PBXFileReference; explicitFileType = wrapper.application; includeInIndex = 0; path = youparty.app; sourceTree = BUILT_PRODUCTS_DIR; };
		0AE6C5DA198D73EA00DAA54D /* Info.plist */ = {isa = PBXFileReference; lastKnownFileType = text.plist.xml; path = Info.plist; sourceTree = "<group>"; };
		0AE6C5DB198D73EA00DAA54D /* main.m */ = {isa = PBXFileReference; lastKnownFileType = sourcecode.c.objc; path = main.m; sourceTree = "<group>"; };
		0AE6C5DD198D73EA00DAA54D /* AppDelegate.h */ = {isa = PBXFileReference; lastKnownFileType = sourcecode.c.h; path = AppDelegate.h; sourceTree = "<group>"; };
		0AE6C5DE198D73EA00DAA54D /* AppDelegate.m */ = {isa = PBXFileReference; lastKnownFileType = sourcecode.c.objc; path = AppDelegate.m; sourceTree = "<group>"; };
		0AE6C5E0198D73EA00DAA54D /* ViewController.h */ = {isa = PBXFileReference; lastKnownFileType = sourcecode.c.h; path = ViewController.h; sourceTree = "<group>"; };
		0AE6C5E1198D73EA00DAA54D /* ViewController.m */ = {isa = PBXFileReference; lastKnownFileType = sourcecode.c.objc; path = ViewController.m; sourceTree = "<group>"; };
		0AE6C5E4198D73EA00DAA54D /* Base */ = {isa = PBXFileReference; lastKnownFileType = file.storyboard; name = Base; path = Base.lproj/Main.storyboard; sourceTree = "<group>"; };
		0AE6C5E6198D73EA00DAA54D /* Images.xcassets */ = {isa = PBXFileReference; lastKnownFileType = folder.assetcatalog; path = Images.xcassets; sourceTree = "<group>"; };
		0AE6C5EC198D73EB00DAA54D /* youpartyTests.xctest */ = {isa = PBXFileReference; explicitFileType = wrapper.cfbundle; includeInIndex = 0; path = youpartyTests.xctest; sourceTree = BUILT_PRODUCTS_DIR; };
		0AE6C5F1198D73EB00DAA54D /* Info.plist */ = {isa = PBXFileReference; lastKnownFileType = text.plist.xml; path = Info.plist; sourceTree = "<group>"; };
		0AE6C5F2198D73EB00DAA54D /* youpartyTests.m */ = {isa = PBXFileReference; lastKnownFileType = sourcecode.c.objc; path = youpartyTests.m; sourceTree = "<group>"; };
/* End PBXFileReference section */

/* Begin PBXFrameworksBuildPhase section */
		0AE6C5D3198D73EA00DAA54D /* Frameworks */ = {
=======
		380F1CCD198D6BED0094769C /* youparty.app */ = {isa = PBXFileReference; explicitFileType = wrapper.application; includeInIndex = 0; path = youparty.app; sourceTree = BUILT_PRODUCTS_DIR; };
		380F1CD1198D6BED0094769C /* Info.plist */ = {isa = PBXFileReference; lastKnownFileType = text.plist.xml; path = Info.plist; sourceTree = "<group>"; };
		380F1CD2198D6BED0094769C /* main.m */ = {isa = PBXFileReference; lastKnownFileType = sourcecode.c.objc; path = main.m; sourceTree = "<group>"; };
		380F1CD4198D6BED0094769C /* AppDelegate.h */ = {isa = PBXFileReference; lastKnownFileType = sourcecode.c.h; path = AppDelegate.h; sourceTree = "<group>"; };
		380F1CD5198D6BED0094769C /* AppDelegate.m */ = {isa = PBXFileReference; lastKnownFileType = sourcecode.c.objc; path = AppDelegate.m; sourceTree = "<group>"; };
		380F1CD7198D6BED0094769C /* ViewController.h */ = {isa = PBXFileReference; lastKnownFileType = sourcecode.c.h; path = ViewController.h; sourceTree = "<group>"; };
		380F1CD8198D6BED0094769C /* ViewController.m */ = {isa = PBXFileReference; lastKnownFileType = sourcecode.c.objc; path = ViewController.m; sourceTree = "<group>"; };
		380F1CDB198D6BED0094769C /* Base */ = {isa = PBXFileReference; lastKnownFileType = file.storyboard; name = Base; path = Base.lproj/Main.storyboard; sourceTree = "<group>"; };
		380F1CDD198D6BED0094769C /* Images.xcassets */ = {isa = PBXFileReference; lastKnownFileType = folder.assetcatalog; path = Images.xcassets; sourceTree = "<group>"; };
		380F1CE3198D6BED0094769C /* youpartyTests.xctest */ = {isa = PBXFileReference; explicitFileType = wrapper.cfbundle; includeInIndex = 0; path = youpartyTests.xctest; sourceTree = BUILT_PRODUCTS_DIR; };
		380F1CE8198D6BED0094769C /* Info.plist */ = {isa = PBXFileReference; lastKnownFileType = text.plist.xml; path = Info.plist; sourceTree = "<group>"; };
		380F1CE9198D6BED0094769C /* youpartyTests.m */ = {isa = PBXFileReference; lastKnownFileType = sourcecode.c.objc; path = youpartyTests.m; sourceTree = "<group>"; };
/* End PBXFileReference section */

/* Begin PBXFrameworksBuildPhase section */
		380F1CCA198D6BED0094769C /* Frameworks */ = {
>>>>>>> FETCH_HEAD
			isa = PBXFrameworksBuildPhase;
			buildActionMask = 2147483647;
			files = (
			);
			runOnlyForDeploymentPostprocessing = 0;
		};
<<<<<<< HEAD
		0AE6C5E9198D73EB00DAA54D /* Frameworks */ = {
=======
		380F1CE0198D6BED0094769C /* Frameworks */ = {
>>>>>>> FETCH_HEAD
			isa = PBXFrameworksBuildPhase;
			buildActionMask = 2147483647;
			files = (
			);
			runOnlyForDeploymentPostprocessing = 0;
		};
/* End PBXFrameworksBuildPhase section */

/* Begin PBXGroup section */
<<<<<<< HEAD
		0AE6C5CD198D73EA00DAA54D = {
			isa = PBXGroup;
			children = (
				0AE6C5D8198D73EA00DAA54D /* youparty */,
				0AE6C5EF198D73EB00DAA54D /* youpartyTests */,
				0AE6C5D7198D73EA00DAA54D /* Products */,
			);
			sourceTree = "<group>";
		};
		0AE6C5D7198D73EA00DAA54D /* Products */ = {
			isa = PBXGroup;
			children = (
				0AE6C5D6198D73EA00DAA54D /* youparty.app */,
				0AE6C5EC198D73EB00DAA54D /* youpartyTests.xctest */,
=======
		380F1CC4198D6BED0094769C = {
			isa = PBXGroup;
			children = (
				380F1CCF198D6BED0094769C /* youparty */,
				380F1CE6198D6BED0094769C /* youpartyTests */,
				380F1CCE198D6BED0094769C /* Products */,
			);
			sourceTree = "<group>";
		};
		380F1CCE198D6BED0094769C /* Products */ = {
			isa = PBXGroup;
			children = (
				380F1CCD198D6BED0094769C /* youparty.app */,
				380F1CE3198D6BED0094769C /* youpartyTests.xctest */,
>>>>>>> FETCH_HEAD
			);
			name = Products;
			sourceTree = "<group>";
		};
<<<<<<< HEAD
		0AE6C5D8198D73EA00DAA54D /* youparty */ = {
			isa = PBXGroup;
			children = (
				0AE6C5DD198D73EA00DAA54D /* AppDelegate.h */,
				0AE6C5DE198D73EA00DAA54D /* AppDelegate.m */,
				0AE6C5E0198D73EA00DAA54D /* ViewController.h */,
				0AE6C5E1198D73EA00DAA54D /* ViewController.m */,
				0AE6C5E3198D73EA00DAA54D /* Main.storyboard */,
				0AE6C5E6198D73EA00DAA54D /* Images.xcassets */,
				0AE6C5D9198D73EA00DAA54D /* Supporting Files */,
=======
		380F1CCF198D6BED0094769C /* youparty */ = {
			isa = PBXGroup;
			children = (
				380F1CD4198D6BED0094769C /* AppDelegate.h */,
				380F1CD5198D6BED0094769C /* AppDelegate.m */,
				380F1CD7198D6BED0094769C /* ViewController.h */,
				380F1CD8198D6BED0094769C /* ViewController.m */,
				380F1CDA198D6BED0094769C /* Main.storyboard */,
				380F1CDD198D6BED0094769C /* Images.xcassets */,
				380F1CD0198D6BED0094769C /* Supporting Files */,
>>>>>>> FETCH_HEAD
			);
			path = youparty;
			sourceTree = "<group>";
		};
<<<<<<< HEAD
		0AE6C5D9198D73EA00DAA54D /* Supporting Files */ = {
			isa = PBXGroup;
			children = (
				0AE6C5DA198D73EA00DAA54D /* Info.plist */,
				0AE6C5DB198D73EA00DAA54D /* main.m */,
=======
		380F1CD0198D6BED0094769C /* Supporting Files */ = {
			isa = PBXGroup;
			children = (
				380F1CD1198D6BED0094769C /* Info.plist */,
				380F1CD2198D6BED0094769C /* main.m */,
>>>>>>> FETCH_HEAD
			);
			name = "Supporting Files";
			sourceTree = "<group>";
		};
<<<<<<< HEAD
		0AE6C5EF198D73EB00DAA54D /* youpartyTests */ = {
			isa = PBXGroup;
			children = (
				0AE6C5F2198D73EB00DAA54D /* youpartyTests.m */,
				0AE6C5F0198D73EB00DAA54D /* Supporting Files */,
=======
		380F1CE6198D6BED0094769C /* youpartyTests */ = {
			isa = PBXGroup;
			children = (
				380F1CE9198D6BED0094769C /* youpartyTests.m */,
				380F1CE7198D6BED0094769C /* Supporting Files */,
>>>>>>> FETCH_HEAD
			);
			path = youpartyTests;
			sourceTree = "<group>";
		};
<<<<<<< HEAD
		0AE6C5F0198D73EB00DAA54D /* Supporting Files */ = {
			isa = PBXGroup;
			children = (
				0AE6C5F1198D73EB00DAA54D /* Info.plist */,
=======
		380F1CE7198D6BED0094769C /* Supporting Files */ = {
			isa = PBXGroup;
			children = (
				380F1CE8198D6BED0094769C /* Info.plist */,
>>>>>>> FETCH_HEAD
			);
			name = "Supporting Files";
			sourceTree = "<group>";
		};
/* End PBXGroup section */

/* Begin PBXNativeTarget section */
<<<<<<< HEAD
		0AE6C5D5198D73EA00DAA54D /* youparty */ = {
			isa = PBXNativeTarget;
			buildConfigurationList = 0AE6C5F6198D73EB00DAA54D /* Build configuration list for PBXNativeTarget "youparty" */;
			buildPhases = (
				0AE6C5D2198D73EA00DAA54D /* Sources */,
				0AE6C5D3198D73EA00DAA54D /* Frameworks */,
				0AE6C5D4198D73EA00DAA54D /* Resources */,
=======
		380F1CCC198D6BED0094769C /* youparty */ = {
			isa = PBXNativeTarget;
			buildConfigurationList = 380F1CED198D6BED0094769C /* Build configuration list for PBXNativeTarget "youparty" */;
			buildPhases = (
				380F1CC9198D6BED0094769C /* Sources */,
				380F1CCA198D6BED0094769C /* Frameworks */,
				380F1CCB198D6BED0094769C /* Resources */,
>>>>>>> FETCH_HEAD
			);
			buildRules = (
			);
			dependencies = (
			);
			name = youparty;
			productName = youparty;
<<<<<<< HEAD
			productReference = 0AE6C5D6198D73EA00DAA54D /* youparty.app */;
			productType = "com.apple.product-type.application";
		};
		0AE6C5EB198D73EB00DAA54D /* youpartyTests */ = {
			isa = PBXNativeTarget;
			buildConfigurationList = 0AE6C5F9198D73EB00DAA54D /* Build configuration list for PBXNativeTarget "youpartyTests" */;
			buildPhases = (
				0AE6C5E8198D73EB00DAA54D /* Sources */,
				0AE6C5E9198D73EB00DAA54D /* Frameworks */,
				0AE6C5EA198D73EB00DAA54D /* Resources */,
=======
			productReference = 380F1CCD198D6BED0094769C /* youparty.app */;
			productType = "com.apple.product-type.application";
		};
		380F1CE2198D6BED0094769C /* youpartyTests */ = {
			isa = PBXNativeTarget;
			buildConfigurationList = 380F1CF0198D6BED0094769C /* Build configuration list for PBXNativeTarget "youpartyTests" */;
			buildPhases = (
				380F1CDF198D6BED0094769C /* Sources */,
				380F1CE0198D6BED0094769C /* Frameworks */,
				380F1CE1198D6BED0094769C /* Resources */,
>>>>>>> FETCH_HEAD
			);
			buildRules = (
			);
			dependencies = (
<<<<<<< HEAD
				0AE6C5EE198D73EB00DAA54D /* PBXTargetDependency */,
			);
			name = youpartyTests;
			productName = youpartyTests;
			productReference = 0AE6C5EC198D73EB00DAA54D /* youpartyTests.xctest */;
=======
				380F1CE5198D6BED0094769C /* PBXTargetDependency */,
			);
			name = youpartyTests;
			productName = youpartyTests;
			productReference = 380F1CE3198D6BED0094769C /* youpartyTests.xctest */;
>>>>>>> FETCH_HEAD
			productType = "com.apple.product-type.bundle.unit-test";
		};
/* End PBXNativeTarget section */

/* Begin PBXProject section */
<<<<<<< HEAD
		0AE6C5CE198D73EA00DAA54D /* Project object */ = {
			isa = PBXProject;
			attributes = {
				LastUpgradeCheck = 0600;
				ORGANIZATIONNAME = "Kevin Frans";
				TargetAttributes = {
					0AE6C5D5198D73EA00DAA54D = {
						CreatedOnToolsVersion = 6.0;
					};
					0AE6C5EB198D73EB00DAA54D = {
						CreatedOnToolsVersion = 6.0;
						TestTargetID = 0AE6C5D5198D73EA00DAA54D;
					};
				};
			};
			buildConfigurationList = 0AE6C5D1198D73EA00DAA54D /* Build configuration list for PBXProject "youparty" */;
=======
		380F1CC5198D6BED0094769C /* Project object */ = {
			isa = PBXProject;
			attributes = {
				LastUpgradeCheck = 0600;
				ORGANIZATIONNAME = "Shalin Shah";
				TargetAttributes = {
					380F1CCC198D6BED0094769C = {
						CreatedOnToolsVersion = 6.0;
					};
					380F1CE2198D6BED0094769C = {
						CreatedOnToolsVersion = 6.0;
						TestTargetID = 380F1CCC198D6BED0094769C;
					};
				};
			};
			buildConfigurationList = 380F1CC8198D6BED0094769C /* Build configuration list for PBXProject "youparty" */;
>>>>>>> FETCH_HEAD
			compatibilityVersion = "Xcode 3.2";
			developmentRegion = English;
			hasScannedForEncodings = 0;
			knownRegions = (
				en,
				Base,
			);
<<<<<<< HEAD
			mainGroup = 0AE6C5CD198D73EA00DAA54D;
			productRefGroup = 0AE6C5D7198D73EA00DAA54D /* Products */;
			projectDirPath = "";
			projectRoot = "";
			targets = (
				0AE6C5D5198D73EA00DAA54D /* youparty */,
				0AE6C5EB198D73EB00DAA54D /* youpartyTests */,
=======
			mainGroup = 380F1CC4198D6BED0094769C;
			productRefGroup = 380F1CCE198D6BED0094769C /* Products */;
			projectDirPath = "";
			projectRoot = "";
			targets = (
				380F1CCC198D6BED0094769C /* youparty */,
				380F1CE2198D6BED0094769C /* youpartyTests */,
>>>>>>> FETCH_HEAD
			);
		};
/* End PBXProject section */

/* Begin PBXResourcesBuildPhase section */
<<<<<<< HEAD
		0AE6C5D4198D73EA00DAA54D /* Resources */ = {
			isa = PBXResourcesBuildPhase;
			buildActionMask = 2147483647;
			files = (
				0AE6C5E5198D73EA00DAA54D /* Main.storyboard in Resources */,
				0AE6C5E7198D73EA00DAA54D /* Images.xcassets in Resources */,
			);
			runOnlyForDeploymentPostprocessing = 0;
		};
		0AE6C5EA198D73EB00DAA54D /* Resources */ = {
=======
		380F1CCB198D6BED0094769C /* Resources */ = {
			isa = PBXResourcesBuildPhase;
			buildActionMask = 2147483647;
			files = (
				380F1CDC198D6BED0094769C /* Main.storyboard in Resources */,
				380F1CDE198D6BED0094769C /* Images.xcassets in Resources */,
			);
			runOnlyForDeploymentPostprocessing = 0;
		};
		380F1CE1198D6BED0094769C /* Resources */ = {
>>>>>>> FETCH_HEAD
			isa = PBXResourcesBuildPhase;
			buildActionMask = 2147483647;
			files = (
			);
			runOnlyForDeploymentPostprocessing = 0;
		};
/* End PBXResourcesBuildPhase section */

/* Begin PBXSourcesBuildPhase section */
<<<<<<< HEAD
		0AE6C5D2198D73EA00DAA54D /* Sources */ = {
			isa = PBXSourcesBuildPhase;
			buildActionMask = 2147483647;
			files = (
				0AE6C5E2198D73EA00DAA54D /* ViewController.m in Sources */,
				0AE6C5DF198D73EA00DAA54D /* AppDelegate.m in Sources */,
				0AE6C5DC198D73EA00DAA54D /* main.m in Sources */,
			);
			runOnlyForDeploymentPostprocessing = 0;
		};
		0AE6C5E8198D73EB00DAA54D /* Sources */ = {
			isa = PBXSourcesBuildPhase;
			buildActionMask = 2147483647;
			files = (
				0AE6C5F3198D73EB00DAA54D /* youpartyTests.m in Sources */,
=======
		380F1CC9198D6BED0094769C /* Sources */ = {
			isa = PBXSourcesBuildPhase;
			buildActionMask = 2147483647;
			files = (
				380F1CD9198D6BED0094769C /* ViewController.m in Sources */,
				380F1CD6198D6BED0094769C /* AppDelegate.m in Sources */,
				380F1CD3198D6BED0094769C /* main.m in Sources */,
			);
			runOnlyForDeploymentPostprocessing = 0;
		};
		380F1CDF198D6BED0094769C /* Sources */ = {
			isa = PBXSourcesBuildPhase;
			buildActionMask = 2147483647;
			files = (
				380F1CEA198D6BED0094769C /* youpartyTests.m in Sources */,
>>>>>>> FETCH_HEAD
			);
			runOnlyForDeploymentPostprocessing = 0;
		};
/* End PBXSourcesBuildPhase section */

/* Begin PBXTargetDependency section */
<<<<<<< HEAD
		0AE6C5EE198D73EB00DAA54D /* PBXTargetDependency */ = {
			isa = PBXTargetDependency;
			target = 0AE6C5D5198D73EA00DAA54D /* youparty */;
			targetProxy = 0AE6C5ED198D73EB00DAA54D /* PBXContainerItemProxy */;
=======
		380F1CE5198D6BED0094769C /* PBXTargetDependency */ = {
			isa = PBXTargetDependency;
			target = 380F1CCC198D6BED0094769C /* youparty */;
			targetProxy = 380F1CE4198D6BED0094769C /* PBXContainerItemProxy */;
>>>>>>> FETCH_HEAD
		};
/* End PBXTargetDependency section */

/* Begin PBXVariantGroup section */
<<<<<<< HEAD
		0AE6C5E3198D73EA00DAA54D /* Main.storyboard */ = {
			isa = PBXVariantGroup;
			children = (
				0AE6C5E4198D73EA00DAA54D /* Base */,
=======
		380F1CDA198D6BED0094769C /* Main.storyboard */ = {
			isa = PBXVariantGroup;
			children = (
				380F1CDB198D6BED0094769C /* Base */,
>>>>>>> FETCH_HEAD
			);
			name = Main.storyboard;
			sourceTree = "<group>";
		};
/* End PBXVariantGroup section */

/* Begin XCBuildConfiguration section */
<<<<<<< HEAD
		0AE6C5F4198D73EB00DAA54D /* Debug */ = {
=======
		380F1CEB198D6BED0094769C /* Debug */ = {
>>>>>>> FETCH_HEAD
			isa = XCBuildConfiguration;
			buildSettings = {
				ALWAYS_SEARCH_USER_PATHS = NO;
				CLANG_CXX_LANGUAGE_STANDARD = "gnu++0x";
				CLANG_CXX_LIBRARY = "libc++";
				CLANG_ENABLE_MODULES = YES;
				CLANG_ENABLE_OBJC_ARC = YES;
				CLANG_WARN_BOOL_CONVERSION = YES;
				CLANG_WARN_CONSTANT_CONVERSION = YES;
				CLANG_WARN_DIRECT_OBJC_ISA_USAGE = YES_ERROR;
				CLANG_WARN_EMPTY_BODY = YES;
				CLANG_WARN_ENUM_CONVERSION = YES;
				CLANG_WARN_INT_CONVERSION = YES;
				CLANG_WARN_OBJC_ROOT_CLASS = YES_ERROR;
				CLANG_WARN_UNREACHABLE_CODE = YES;
				CLANG_WARN__DUPLICATE_METHOD_MATCH = YES;
				"CODE_SIGN_IDENTITY[sdk=iphoneos*]" = "iPhone Developer";
				COPY_PHASE_STRIP = NO;
				ENABLE_STRICT_OBJC_MSGSEND = YES;
				GCC_C_LANGUAGE_STANDARD = gnu99;
				GCC_DYNAMIC_NO_PIC = NO;
				GCC_OPTIMIZATION_LEVEL = 0;
				GCC_PREPROCESSOR_DEFINITIONS = (
					"DEBUG=1",
					"$(inherited)",
				);
				GCC_SYMBOLS_PRIVATE_EXTERN = NO;
				GCC_WARN_64_TO_32_BIT_CONVERSION = YES;
				GCC_WARN_ABOUT_RETURN_TYPE = YES_ERROR;
				GCC_WARN_UNDECLARED_SELECTOR = YES;
				GCC_WARN_UNINITIALIZED_AUTOS = YES_AGGRESSIVE;
				GCC_WARN_UNUSED_FUNCTION = YES;
				GCC_WARN_UNUSED_VARIABLE = YES;
				IPHONEOS_DEPLOYMENT_TARGET = 8.0;
				METAL_ENABLE_DEBUG_INFO = YES;
				ONLY_ACTIVE_ARCH = YES;
				SDKROOT = iphoneos;
			};
			name = Debug;
		};
<<<<<<< HEAD
		0AE6C5F5198D73EB00DAA54D /* Release */ = {
=======
		380F1CEC198D6BED0094769C /* Release */ = {
>>>>>>> FETCH_HEAD
			isa = XCBuildConfiguration;
			buildSettings = {
				ALWAYS_SEARCH_USER_PATHS = NO;
				CLANG_CXX_LANGUAGE_STANDARD = "gnu++0x";
				CLANG_CXX_LIBRARY = "libc++";
				CLANG_ENABLE_MODULES = YES;
				CLANG_ENABLE_OBJC_ARC = YES;
				CLANG_WARN_BOOL_CONVERSION = YES;
				CLANG_WARN_CONSTANT_CONVERSION = YES;
				CLANG_WARN_DIRECT_OBJC_ISA_USAGE = YES_ERROR;
				CLANG_WARN_EMPTY_BODY = YES;
				CLANG_WARN_ENUM_CONVERSION = YES;
				CLANG_WARN_INT_CONVERSION = YES;
				CLANG_WARN_OBJC_ROOT_CLASS = YES_ERROR;
				CLANG_WARN_UNREACHABLE_CODE = YES;
				CLANG_WARN__DUPLICATE_METHOD_MATCH = YES;
				"CODE_SIGN_IDENTITY[sdk=iphoneos*]" = "iPhone Developer";
				COPY_PHASE_STRIP = YES;
				ENABLE_NS_ASSERTIONS = NO;
				ENABLE_STRICT_OBJC_MSGSEND = YES;
				GCC_C_LANGUAGE_STANDARD = gnu99;
				GCC_WARN_64_TO_32_BIT_CONVERSION = YES;
				GCC_WARN_ABOUT_RETURN_TYPE = YES_ERROR;
				GCC_WARN_UNDECLARED_SELECTOR = YES;
				GCC_WARN_UNINITIALIZED_AUTOS = YES_AGGRESSIVE;
				GCC_WARN_UNUSED_FUNCTION = YES;
				GCC_WARN_UNUSED_VARIABLE = YES;
				IPHONEOS_DEPLOYMENT_TARGET = 8.0;
				METAL_ENABLE_DEBUG_INFO = NO;
				SDKROOT = iphoneos;
				VALIDATE_PRODUCT = YES;
			};
			name = Release;
		};
<<<<<<< HEAD
		0AE6C5F7198D73EB00DAA54D /* Debug */ = {
=======
		380F1CEE198D6BED0094769C /* Debug */ = {
>>>>>>> FETCH_HEAD
			isa = XCBuildConfiguration;
			buildSettings = {
				ASSETCATALOG_COMPILER_APPICON_NAME = AppIcon;
				ASSETCATALOG_COMPILER_LAUNCHIMAGE_NAME = LaunchImage;
				INFOPLIST_FILE = youparty/Info.plist;
				LD_RUNPATH_SEARCH_PATHS = "$(inherited) @executable_path/Frameworks";
				PRODUCT_NAME = "$(TARGET_NAME)";
			};
			name = Debug;
		};
<<<<<<< HEAD
		0AE6C5F8198D73EB00DAA54D /* Release */ = {
=======
		380F1CEF198D6BED0094769C /* Release */ = {
>>>>>>> FETCH_HEAD
			isa = XCBuildConfiguration;
			buildSettings = {
				ASSETCATALOG_COMPILER_APPICON_NAME = AppIcon;
				ASSETCATALOG_COMPILER_LAUNCHIMAGE_NAME = LaunchImage;
				INFOPLIST_FILE = youparty/Info.plist;
				LD_RUNPATH_SEARCH_PATHS = "$(inherited) @executable_path/Frameworks";
				PRODUCT_NAME = "$(TARGET_NAME)";
			};
			name = Release;
		};
<<<<<<< HEAD
		0AE6C5FA198D73EB00DAA54D /* Debug */ = {
=======
		380F1CF1198D6BED0094769C /* Debug */ = {
>>>>>>> FETCH_HEAD
			isa = XCBuildConfiguration;
			buildSettings = {
				BUNDLE_LOADER = "$(BUILT_PRODUCTS_DIR)/youparty.app/youparty";
				FRAMEWORK_SEARCH_PATHS = (
					"$(SDKROOT)/Developer/Library/Frameworks",
					"$(inherited)",
				);
				GCC_PREPROCESSOR_DEFINITIONS = (
					"DEBUG=1",
					"$(inherited)",
				);
				INFOPLIST_FILE = youpartyTests/Info.plist;
				LD_RUNPATH_SEARCH_PATHS = "$(inherited) @executable_path/Frameworks @loader_path/Frameworks";
				METAL_ENABLE_DEBUG_INFO = YES;
				PRODUCT_NAME = "$(TARGET_NAME)";
				TEST_HOST = "$(BUNDLE_LOADER)";
			};
			name = Debug;
		};
<<<<<<< HEAD
		0AE6C5FB198D73EB00DAA54D /* Release */ = {
=======
		380F1CF2198D6BED0094769C /* Release */ = {
>>>>>>> FETCH_HEAD
			isa = XCBuildConfiguration;
			buildSettings = {
				BUNDLE_LOADER = "$(BUILT_PRODUCTS_DIR)/youparty.app/youparty";
				FRAMEWORK_SEARCH_PATHS = (
					"$(SDKROOT)/Developer/Library/Frameworks",
					"$(inherited)",
				);
				INFOPLIST_FILE = youpartyTests/Info.plist;
				LD_RUNPATH_SEARCH_PATHS = "$(inherited) @executable_path/Frameworks @loader_path/Frameworks";
				METAL_ENABLE_DEBUG_INFO = NO;
				PRODUCT_NAME = "$(TARGET_NAME)";
				TEST_HOST = "$(BUNDLE_LOADER)";
			};
			name = Release;
		};
/* End XCBuildConfiguration section */

/* Begin XCConfigurationList section */
<<<<<<< HEAD
		0AE6C5D1198D73EA00DAA54D /* Build configuration list for PBXProject "youparty" */ = {
			isa = XCConfigurationList;
			buildConfigurations = (
				0AE6C5F4198D73EB00DAA54D /* Debug */,
				0AE6C5F5198D73EB00DAA54D /* Release */,
=======
		380F1CC8198D6BED0094769C /* Build configuration list for PBXProject "youparty" */ = {
			isa = XCConfigurationList;
			buildConfigurations = (
				380F1CEB198D6BED0094769C /* Debug */,
				380F1CEC198D6BED0094769C /* Release */,
>>>>>>> FETCH_HEAD
			);
			defaultConfigurationIsVisible = 0;
			defaultConfigurationName = Release;
		};
<<<<<<< HEAD
		0AE6C5F6198D73EB00DAA54D /* Build configuration list for PBXNativeTarget "youparty" */ = {
			isa = XCConfigurationList;
			buildConfigurations = (
				0AE6C5F7198D73EB00DAA54D /* Debug */,
				0AE6C5F8198D73EB00DAA54D /* Release */,
			);
			defaultConfigurationIsVisible = 0;
		};
		0AE6C5F9198D73EB00DAA54D /* Build configuration list for PBXNativeTarget "youpartyTests" */ = {
			isa = XCConfigurationList;
			buildConfigurations = (
				0AE6C5FA198D73EB00DAA54D /* Debug */,
				0AE6C5FB198D73EB00DAA54D /* Release */,
=======
		380F1CED198D6BED0094769C /* Build configuration list for PBXNativeTarget "youparty" */ = {
			isa = XCConfigurationList;
			buildConfigurations = (
				380F1CEE198D6BED0094769C /* Debug */,
				380F1CEF198D6BED0094769C /* Release */,
			);
			defaultConfigurationIsVisible = 0;
		};
		380F1CF0198D6BED0094769C /* Build configuration list for PBXNativeTarget "youpartyTests" */ = {
			isa = XCConfigurationList;
			buildConfigurations = (
				380F1CF1198D6BED0094769C /* Debug */,
				380F1CF2198D6BED0094769C /* Release */,
>>>>>>> FETCH_HEAD
			);
			defaultConfigurationIsVisible = 0;
		};
/* End XCConfigurationList section */
	};
<<<<<<< HEAD
	rootObject = 0AE6C5CE198D73EA00DAA54D /* Project object */;
=======
	rootObject = 380F1CC5198D6BED0094769C /* Project object */;
>>>>>>> FETCH_HEAD
}
